
Microsoft Visual Studio Solution File, Format Version 12.00
# Visual Studio Version 17
VisualStudioVersion = 17.9.34714.143
MinimumVisualStudioVersion = 10.0.40219.1
Project("{9A19103F-16F7-4668-BE54-9A1E7A4F7556}") = "PathTrimmingTextBlock", "PathTrimmingTextBlock.csproj", "{78498208-BE13-4C99-887B-30573EFBA5BA}"
EndProject
Global
	GlobalSection(SolutionConfigurationPlatforms) = preSolution
		Debug|Any CPU = Debug|Any CPU
		Release|Any CPU = Release|Any CPU
	EndGlobalSection
	GlobalSection(ProjectConfigurationPlatforms) = postSolution
		{78498208-BE13-4C99-887B-30573EFBA5BA}.Debug|Any CPU.ActiveCfg = Debug|Any CPU
		{78498208-BE13-4C99-887B-30573EFBA5BA}.Debug|Any CPU.Build.0 = Debug|Any CPU
		{78498208-BE13-4C99-887B-30573EFBA5BA}.Release|Any CPU.ActiveCfg = Release|Any CPU
		{78498208-BE13-4C99-887B-30573EFBA5BA}.Release|Any CPU.Build.0 = Release|Any CPU
	EndGlobalSection
	GlobalSection(SolutionProperties) = preSolution
		HideSolutionNode = FALSE
	EndGlobalSection
	GlobalSection(ExtensibilityGlobals) = postSolution
		SolutionGuid = {CE8E259A-0828-4A6A-B062-D0220915F724}
	EndGlobalSection
EndGlobal
